// !$*UTF8*$!
{
	archiveVersion = 1;
	classes = {
	};
	objectVersion = 50;
	objects = {

/* Begin PBXBuildFile section */
		66219598225979F800580E15 /* AppDelegate.swift in Sources */ = {isa = PBXBuildFile; fileRef = 66219597225979F800580E15 /* AppDelegate.swift */; };
		6621959A225979F800580E15 /* ViewController.swift in Sources */ = {isa = PBXBuildFile; fileRef = 66219599225979F800580E15 /* ViewController.swift */; };
		6621959D225979F800580E15 /* Main.storyboard in Resources */ = {isa = PBXBuildFile; fileRef = 6621959B225979F800580E15 /* Main.storyboard */; };
		6621959F225979F900580E15 /* Assets.xcassets in Resources */ = {isa = PBXBuildFile; fileRef = 6621959E225979F900580E15 /* Assets.xcassets */; };
		662195A2225979F900580E15 /* LaunchScreen.storyboard in Resources */ = {isa = PBXBuildFile; fileRef = 662195A0225979F900580E15 /* LaunchScreen.storyboard */; };
		662195AD225979F900580E15 /* PaperOnboardingTests.swift in Sources */ = {isa = PBXBuildFile; fileRef = 662195AC225979F900580E15 /* PaperOnboardingTests.swift */; };
		662195B8225979F900580E15 /* PaperOnboardingUITests.swift in Sources */ = {isa = PBXBuildFile; fileRef = 662195B7225979F900580E15 /* PaperOnboardingUITests.swift */; };
		6668BB6322597FD5003998F6 /* bmwblueemblem.jpg in Resources */ = {isa = PBXBuildFile; fileRef = 6668BB6022597FD5003998F6 /* bmwblueemblem.jpg */; };
		6668BB6422597FD5003998F6 /* bmwredemblem.jpg in Resources */ = {isa = PBXBuildFile; fileRef = 6668BB6122597FD5003998F6 /* bmwredemblem.jpg */; };
		6668BB6522597FD5003998F6 /* bmwblackemblem.jpg in Resources */ = {isa = PBXBuildFile; fileRef = 6668BB6222597FD5003998F6 /* bmwblackemblem.jpg */; };
		6668BB6722597FFD003998F6 /* OnboardingView.swift in Sources */ = {isa = PBXBuildFile; fileRef = 6668BB6622597FFD003998F6 /* OnboardingView.swift */; };
		FD5BE37FAC9E2664453557F8 /* Pods_PaperOnboarding.framework in Frameworks */ = {isa = PBXBuildFile; fileRef = 461A97A53E5D95DCCE115BDC /* Pods_PaperOnboarding.framework */; };
/* End PBXBuildFile section */

/* Begin PBXContainerItemProxy section */
		662195A9225979F900580E15 /* PBXContainerItemProxy */ = {
			isa = PBXContainerItemProxy;
			containerPortal = 6621958C225979F800580E15 /* Project object */;
			proxyType = 1;
			remoteGlobalIDString = 66219593225979F800580E15;
			remoteInfo = PaperOnboarding;
		};
		662195B4225979F900580E15 /* PBXContainerItemProxy */ = {
			isa = PBXContainerItemProxy;
			containerPortal = 6621958C225979F800580E15 /* Project object */;
			proxyType = 1;
			remoteGlobalIDString = 66219593225979F800580E15;
			remoteInfo = PaperOnboarding;
		};
/* End PBXContainerItemProxy section */

/* Begin PBXFileReference section */
		461A97A53E5D95DCCE115BDC /* Pods_PaperOnboarding.framework */ = {isa = PBXFileReference; explicitFileType = wrapper.framework; includeInIndex = 0; path = Pods_PaperOnboarding.framework; sourceTree = BUILT_PRODUCTS_DIR; };
		66219594225979F800580E15 /* PaperOnboarding.app */ = {isa = PBXFileReference; explicitFileType = wrapper.application; includeInIndex = 0; path = PaperOnboarding.app; sourceTree = BUILT_PRODUCTS_DIR; };
		66219597225979F800580E15 /* AppDelegate.swift */ = {isa = PBXFileReference; lastKnownFileType = sourcecode.swift; path = AppDelegate.swift; sourceTree = "<group>"; };
		66219599225979F800580E15 /* ViewController.swift */ = {isa = PBXFileReference; lastKnownFileType = sourcecode.swift; path = ViewController.swift; sourceTree = "<group>"; };
		6621959C225979F800580E15 /* Base */ = {isa = PBXFileReference; lastKnownFileType = file.storyboard; name = Base; path = Base.lproj/Main.storyboard; sourceTree = "<group>"; };
		6621959E225979F900580E15 /* Assets.xcassets */ = {isa = PBXFileReference; lastKnownFileType = folder.assetcatalog; path = Assets.xcassets; sourceTree = "<group>"; };
		662195A1225979F900580E15 /* Base */ = {isa = PBXFileReference; lastKnownFileType = file.storyboard; name = Base; path = Base.lproj/LaunchScreen.storyboard; sourceTree = "<group>"; };
		662195A3225979F900580E15 /* Info.plist */ = {isa = PBXFileReference; lastKnownFileType = text.plist.xml; path = Info.plist; sourceTree = "<group>"; };
		662195A8225979F900580E15 /* PaperOnboardingTests.xctest */ = {isa = PBXFileReference; explicitFileType = wrapper.cfbundle; includeInIndex = 0; path = PaperOnboardingTests.xctest; sourceTree = BUILT_PRODUCTS_DIR; };
		662195AC225979F900580E15 /* PaperOnboardingTests.swift */ = {isa = PBXFileReference; lastKnownFileType = sourcecode.swift; path = PaperOnboardingTests.swift; sourceTree = "<group>"; };
		662195AE225979F900580E15 /* Info.plist */ = {isa = PBXFileReference; lastKnownFileType = text.plist.xml; path = Info.plist; sourceTree = "<group>"; };
		662195B3225979F900580E15 /* PaperOnboardingUITests.xctest */ = {isa = PBXFileReference; explicitFileType = wrapper.cfbundle; includeInIndex = 0; path = PaperOnboardingUITests.xctest; sourceTree = BUILT_PRODUCTS_DIR; };
		662195B7225979F900580E15 /* PaperOnboardingUITests.swift */ = {isa = PBXFileReference; lastKnownFileType = sourcecode.swift; path = PaperOnboardingUITests.swift; sourceTree = "<group>"; };
		662195B9225979F900580E15 /* Info.plist */ = {isa = PBXFileReference; lastKnownFileType = text.plist.xml; path = Info.plist; sourceTree = "<group>"; };
		6668BB6022597FD5003998F6 /* bmwblueemblem.jpg */ = {isa = PBXFileReference; lastKnownFileType = image.jpeg; path = bmwblueemblem.jpg; sourceTree = "<group>"; };
		6668BB6122597FD5003998F6 /* bmwredemblem.jpg */ = {isa = PBXFileReference; lastKnownFileType = image.jpeg; path = bmwredemblem.jpg; sourceTree = "<group>"; };
		6668BB6222597FD5003998F6 /* bmwblackemblem.jpg */ = {isa = PBXFileReference; lastKnownFileType = image.jpeg; path = bmwblackemblem.jpg; sourceTree = "<group>"; };
		6668BB6622597FFD003998F6 /* OnboardingView.swift */ = {isa = PBXFileReference; lastKnownFileType = sourcecode.swift; path = OnboardingView.swift; sourceTree = "<group>"; };
		C36A0B0CD5A76D2ED001BE6E /* Pods-PaperOnboarding.release.xcconfig */ = {isa = PBXFileReference; includeInIndex = 1; lastKnownFileType = text.xcconfig; name = "Pods-PaperOnboarding.release.xcconfig"; path = "Target Support Files/Pods-PaperOnboarding/Pods-PaperOnboarding.release.xcconfig"; sourceTree = "<group>"; };
		E1B0F6EE3C0996F0D48FFE95 /* Pods-PaperOnboarding.debug.xcconfig */ = {isa = PBXFileReference; includeInIndex = 1; lastKnownFileType = text.xcconfig; name = "Pods-PaperOnboarding.debug.xcconfig"; path = "Target Support Files/Pods-PaperOnboarding/Pods-PaperOnboarding.debug.xcconfig"; sourceTree = "<group>"; };
/* End PBXFileReference section */

/* Begin PBXFrameworksBuildPhase section */
		66219591225979F800580E15 /* Frameworks */ = {
			isa = PBXFrameworksBuildPhase;
			buildActionMask = 2147483647;
			files = (
				FD5BE37FAC9E2664453557F8 /* Pods_PaperOnboarding.framework in Frameworks */,
			);
			runOnlyForDeploymentPostprocessing = 0;
		};
		662195A5225979F900580E15 /* Frameworks */ = {
			isa = PBXFrameworksBuildPhase;
			buildActionMask = 2147483647;
			files = (
			);
			runOnlyForDeploymentPostprocessing = 0;
		};
		662195B0225979F900580E15 /* Frameworks */ = {
			isa = PBXFrameworksBuildPhase;
			buildActionMask = 2147483647;
			files = (
			);
			runOnlyForDeploymentPostprocessing = 0;
		};
/* End PBXFrameworksBuildPhase section */

/* Begin PBXGroup section */
		6621958B225979F800580E15 = {
			isa = PBXGroup;
			children = (
				6668BB5F22597FD5003998F6 /* Images */,
				66219596225979F800580E15 /* PaperOnboarding */,
				662195AB225979F900580E15 /* PaperOnboardingTests */,
				662195B6225979F900580E15 /* PaperOnboardingUITests */,
				66219595225979F800580E15 /* Products */,
				9742C0F8308DE5B41AFAD957 /* Pods */,
				C7060025D936452B47543C92 /* Frameworks */,
			);
			sourceTree = "<group>";
		};
		66219595225979F800580E15 /* Products */ = {
			isa = PBXGroup;
			children = (
				66219594225979F800580E15 /* PaperOnboarding.app */,
				662195A8225979F900580E15 /* PaperOnboardingTests.xctest */,
				662195B3225979F900580E15 /* PaperOnboardingUITests.xctest */,
			);
			name = Products;
			sourceTree = "<group>";
		};
		66219596225979F800580E15 /* PaperOnboarding */ = {
			isa = PBXGroup;
			children = (
				662195A3225979F900580E15 /* Info.plist */,
				66219597225979F800580E15 /* AppDelegate.swift */,
				6668BB6622597FFD003998F6 /* OnboardingView.swift */,
				66219599225979F800580E15 /* ViewController.swift */,
				6621959E225979F900580E15 /* Assets.xcassets */,
				662195A0225979F900580E15 /* LaunchScreen.storyboard */,
				6621959B225979F800580E15 /* Main.storyboard */,
			);
			path = PaperOnboarding;
			sourceTree = "<group>";
		};
		662195AB225979F900580E15 /* PaperOnboardingTests */ = {
			isa = PBXGroup;
			children = (
				662195AC225979F900580E15 /* PaperOnboardingTests.swift */,
				662195AE225979F900580E15 /* Info.plist */,
			);
			path = PaperOnboardingTests;
			sourceTree = "<group>";
		};
		662195B6225979F900580E15 /* PaperOnboardingUITests */ = {
			isa = PBXGroup;
			children = (
				662195B7225979F900580E15 /* PaperOnboardingUITests.swift */,
				662195B9225979F900580E15 /* Info.plist */,
			);
			path = PaperOnboardingUITests;
			sourceTree = "<group>";
		};
		6668BB5F22597FD5003998F6 /* Images */ = {
			isa = PBXGroup;
			children = (
				6668BB6022597FD5003998F6 /* bmwblueemblem.jpg */,
				6668BB6122597FD5003998F6 /* bmwredemblem.jpg */,
				6668BB6222597FD5003998F6 /* bmwblackemblem.jpg */,
			);
			path = Images;
			sourceTree = "<group>";
		};
		9742C0F8308DE5B41AFAD957 /* Pods */ = {
			isa = PBXGroup;
			children = (
				E1B0F6EE3C0996F0D48FFE95 /* Pods-PaperOnboarding.debug.xcconfig */,
				C36A0B0CD5A76D2ED001BE6E /* Pods-PaperOnboarding.release.xcconfig */,
			);
			path = Pods;
			sourceTree = "<group>";
		};
		C7060025D936452B47543C92 /* Frameworks */ = {
			isa = PBXGroup;
			children = (
				461A97A53E5D95DCCE115BDC /* Pods_PaperOnboarding.framework */,
			);
			name = Frameworks;
			sourceTree = "<group>";
		};
/* End PBXGroup section */

/* Begin PBXNativeTarget section */
		66219593225979F800580E15 /* PaperOnboarding */ = {
			isa = PBXNativeTarget;
			buildConfigurationList = 662195BC225979F900580E15 /* Build configuration list for PBXNativeTarget "PaperOnboarding" */;
			buildPhases = (
				1C2A3D0179F0957E52D29784 /* [CP] Check Pods Manifest.lock */,
				66219590225979F800580E15 /* Sources */,
				66219591225979F800580E15 /* Frameworks */,
				66219592225979F800580E15 /* Resources */,
				7922420E29F7405BA37588CC /* [CP] Embed Pods Frameworks */,
			);
			buildRules = (
			);
			dependencies = (
			);
			name = PaperOnboarding;
			productName = PaperOnboarding;
			productReference = 66219594225979F800580E15 /* PaperOnboarding.app */;
			productType = "com.apple.product-type.application";
		};
		662195A7225979F900580E15 /* PaperOnboardingTests */ = {
			isa = PBXNativeTarget;
			buildConfigurationList = 662195BF225979F900580E15 /* Build configuration list for PBXNativeTarget "PaperOnboardingTests" */;
			buildPhases = (
				662195A4225979F900580E15 /* Sources */,
				662195A5225979F900580E15 /* Frameworks */,
				662195A6225979F900580E15 /* Resources */,
			);
			buildRules = (
			);
			dependencies = (
				662195AA225979F900580E15 /* PBXTargetDependency */,
			);
			name = PaperOnboardingTests;
			productName = PaperOnboardingTests;
			productReference = 662195A8225979F900580E15 /* PaperOnboardingTests.xctest */;
			productType = "com.apple.product-type.bundle.unit-test";
		};
		662195B2225979F900580E15 /* PaperOnboardingUITests */ = {
			isa = PBXNativeTarget;
			buildConfigurationList = 662195C2225979F900580E15 /* Build configuration list for PBXNativeTarget "PaperOnboardingUITests" */;
			buildPhases = (
				662195AF225979F900580E15 /* Sources */,
				662195B0225979F900580E15 /* Frameworks */,
				662195B1225979F900580E15 /* Resources */,
			);
			buildRules = (
			);
			dependencies = (
				662195B5225979F900580E15 /* PBXTargetDependency */,
			);
			name = PaperOnboardingUITests;
			productName = PaperOnboardingUITests;
			productReference = 662195B3225979F900580E15 /* PaperOnboardingUITests.xctest */;
			productType = "com.apple.product-type.bundle.ui-testing";
		};
/* End PBXNativeTarget section */

/* Begin PBXProject section */
		6621958C225979F800580E15 /* Project object */ = {
			isa = PBXProject;
			attributes = {
				LastSwiftUpdateCheck = 1010;
				LastUpgradeCheck = 1010;
				ORGANIZATIONNAME = "Roseanne Choi";
				TargetAttributes = {
					66219593225979F800580E15 = {
						CreatedOnToolsVersion = 10.1;
					};
					662195A7225979F900580E15 = {
						CreatedOnToolsVersion = 10.1;
						TestTargetID = 66219593225979F800580E15;
					};
					662195B2225979F900580E15 = {
						CreatedOnToolsVersion = 10.1;
						TestTargetID = 66219593225979F800580E15;
					};
				};
			};
			buildConfigurationList = 6621958F225979F800580E15 /* Build configuration list for PBXProject "PaperOnboarding" */;
			compatibilityVersion = "Xcode 9.3";
			developmentRegion = en;
			hasScannedForEncodings = 0;
			knownRegions = (
				en,
				Base,
			);
			mainGroup = 6621958B225979F800580E15;
			productRefGroup = 66219595225979F800580E15 /* Products */;
			projectDirPath = "";
			projectRoot = "";
			targets = (
				66219593225979F800580E15 /* PaperOnboarding */,
				662195A7225979F900580E15 /* PaperOnboardingTests */,
				662195B2225979F900580E15 /* PaperOnboardingUITests */,
			);
		};
/* End PBXProject section */

/* Begin PBXResourcesBuildPhase section */
		66219592225979F800580E15 /* Resources */ = {
			isa = PBXResourcesBuildPhase;
			buildActionMask = 2147483647;
			files = (
				6668BB6522597FD5003998F6 /* bmwblackemblem.jpg in Resources */,
				6668BB6322597FD5003998F6 /* bmwblueemblem.jpg in Resources */,
				6668BB6422597FD5003998F6 /* bmwredemblem.jpg in Resources */,
				662195A2225979F900580E15 /* LaunchScreen.storyboard in Resources */,
				6621959F225979F900580E15 /* Assets.xcassets in Resources */,
				6621959D225979F800580E15 /* Main.storyboard in Resources */,
			);
			runOnlyForDeploymentPostprocessing = 0;
		};
		662195A6225979F900580E15 /* Resources */ = {
			isa = PBXResourcesBuildPhase;
			buildActionMask = 2147483647;
			files = (
			);
			runOnlyForDeploymentPostprocessing = 0;
		};
		662195B1225979F900580E15 /* Resources */ = {
			isa = PBXResourcesBuildPhase;
			buildActionMask = 2147483647;
			files = (
			);
			runOnlyForDeploymentPostprocessing = 0;
		};
/* End PBXResourcesBuildPhase section */

/* Begin PBXShellScriptBuildPhase section */
		1C2A3D0179F0957E52D29784 /* [CP] Check Pods Manifest.lock */ = {
			isa = PBXShellScriptBuildPhase;
			buildActionMask = 2147483647;
			files = (
			);
			inputFileListPaths = (
			);
			inputPaths = (
				"${PODS_PODFILE_DIR_PATH}/Podfile.lock",
				"${PODS_ROOT}/Manifest.lock",
			);
			name = "[CP] Check Pods Manifest.lock";
			outputFileListPaths = (
			);
			outputPaths = (
				"$(DERIVED_FILE_DIR)/Pods-PaperOnboarding-checkManifestLockResult.txt",
			);
			runOnlyForDeploymentPostprocessing = 0;
			shellPath = /bin/sh;
			shellScript = "diff \"${PODS_PODFILE_DIR_PATH}/Podfile.lock\" \"${PODS_ROOT}/Manifest.lock\" > /dev/null\nif [ $? != 0 ] ; then\n    # print error to STDERR\n    echo \"error: The sandbox is not in sync with the Podfile.lock. Run 'pod install' or update your CocoaPods installation.\" >&2\n    exit 1\nfi\n# This output is used by Xcode 'outputs' to avoid re-running this script phase.\necho \"SUCCESS\" > \"${SCRIPT_OUTPUT_FILE_0}\"\n";
			showEnvVarsInLog = 0;
		};
		7922420E29F7405BA37588CC /* [CP] Embed Pods Frameworks */ = {
			isa = PBXShellScriptBuildPhase;
			buildActionMask = 2147483647;
			files = (
			);
			inputFileListPaths = (
			);
			inputPaths = (
				"${PODS_ROOT}/Target Support Files/Pods-PaperOnboarding/Pods-PaperOnboarding-frameworks.sh",
				"${BUILT_PRODUCTS_DIR}/paper-onboarding/paper_onboarding.framework",
			);
			name = "[CP] Embed Pods Frameworks";
			outputFileListPaths = (
			);
			outputPaths = (
				"${TARGET_BUILD_DIR}/${FRAMEWORKS_FOLDER_PATH}/paper_onboarding.framework",
			);
			runOnlyForDeploymentPostprocessing = 0;
			shellPath = /bin/sh;
			shellScript = "\"${PODS_ROOT}/Target Support Files/Pods-PaperOnboarding/Pods-PaperOnboarding-frameworks.sh\"\n";
			showEnvVarsInLog = 0;
		};
/* End PBXShellScriptBuildPhase section */

/* Begin PBXSourcesBuildPhase section */
		66219590225979F800580E15 /* Sources */ = {
			isa = PBXSourcesBuildPhase;
			buildActionMask = 2147483647;
			files = (
				6668BB6722597FFD003998F6 /* OnboardingView.swift in Sources */,
				6621959A225979F800580E15 /* ViewController.swift in Sources */,
				66219598225979F800580E15 /* AppDelegate.swift in Sources */,
			);
			runOnlyForDeploymentPostprocessing = 0;
		};
		662195A4225979F900580E15 /* Sources */ = {
			isa = PBXSourcesBuildPhase;
			buildActionMask = 2147483647;
			files = (
				662195AD225979F900580E15 /* PaperOnboardingTests.swift in Sources */,
			);
			runOnlyForDeploymentPostprocessing = 0;
		};
		662195AF225979F900580E15 /* Sources */ = {
			isa = PBXSourcesBuildPhase;
			buildActionMask = 2147483647;
			files = (
				662195B8225979F900580E15 /* PaperOnboardingUITests.swift in Sources */,
			);
			runOnlyForDeploymentPostprocessing = 0;
		};
/* End PBXSourcesBuildPhase section */

/* Begin PBXTargetDependency section */
		662195AA225979F900580E15 /* PBXTargetDependency */ = {
			isa = PBXTargetDependency;
			target = 66219593225979F800580E15 /* PaperOnboarding */;
			targetProxy = 662195A9225979F900580E15 /* PBXContainerItemProxy */;
		};
		662195B5225979F900580E15 /* PBXTargetDependency */ = {
			isa = PBXTargetDependency;
			target = 66219593225979F800580E15 /* PaperOnboarding */;
			targetProxy = 662195B4225979F900580E15 /* PBXContainerItemProxy */;
		};
/* End PBXTargetDependency section */

/* Begin PBXVariantGroup section */
		6621959B225979F800580E15 /* Main.storyboard */ = {
			isa = PBXVariantGroup;
			children = (
				6621959C225979F800580E15 /* Base */,
			);
			name = Main.storyboard;
			sourceTree = "<group>";
		};
		662195A0225979F900580E15 /* LaunchScreen.storyboard */ = {
			isa = PBXVariantGroup;
			children = (
				662195A1225979F900580E15 /* Base */,
			);
			name = LaunchScreen.storyboard;
			sourceTree = "<group>";
		};
/* End PBXVariantGroup section */

/* Begin XCBuildConfiguration section */
		662195BA225979F900580E15 /* Debug */ = {
			isa = XCBuildConfiguration;
			buildSettings = {
				ALWAYS_SEARCH_USER_PATHS = NO;
				CLANG_ANALYZER_NONNULL = YES;
				CLANG_ANALYZER_NUMBER_OBJECT_CONVERSION = YES_AGGRESSIVE;
				CLANG_CXX_LANGUAGE_STANDARD = "gnu++14";
				CLANG_CXX_LIBRARY = "libc++";
				CLANG_ENABLE_MODULES = YES;
				CLANG_ENABLE_OBJC_ARC = YES;
				CLANG_ENABLE_OBJC_WEAK = YES;
				CLANG_WARN_BLOCK_CAPTURE_AUTORELEASING = YES;
				CLANG_WARN_BOOL_CONVERSION = YES;
				CLANG_WARN_COMMA = YES;
				CLANG_WARN_CONSTANT_CONVERSION = YES;
				CLANG_WARN_DEPRECATED_OBJC_IMPLEMENTATIONS = YES;
				CLANG_WARN_DIRECT_OBJC_ISA_USAGE = YES_ERROR;
				CLANG_WARN_DOCUMENTATION_COMMENTS = YES;
				CLANG_WARN_EMPTY_BODY = YES;
				CLANG_WARN_ENUM_CONVERSION = YES;
				CLANG_WARN_INFINITE_RECURSION = YES;
				CLANG_WARN_INT_CONVERSION = YES;
				CLANG_WARN_NON_LITERAL_NULL_CONVERSION = YES;
				CLANG_WARN_OBJC_IMPLICIT_RETAIN_SELF = YES;
				CLANG_WARN_OBJC_LITERAL_CONVERSION = YES;
				CLANG_WARN_OBJC_ROOT_CLASS = YES_ERROR;
				CLANG_WARN_RANGE_LOOP_ANALYSIS = YES;
				CLANG_WARN_STRICT_PROTOTYPES = YES;
				CLANG_WARN_SUSPICIOUS_MOVE = YES;
				CLANG_WARN_UNGUARDED_AVAILABILITY = YES_AGGRESSIVE;
				CLANG_WARN_UNREACHABLE_CODE = YES;
				CLANG_WARN__DUPLICATE_METHOD_MATCH = YES;
				CODE_SIGN_IDENTITY = "iPhone Developer";
				COPY_PHASE_STRIP = NO;
				DEBUG_INFORMATION_FORMAT = dwarf;
				ENABLE_STRICT_OBJC_MSGSEND = YES;
				ENABLE_TESTABILITY = YES;
				GCC_C_LANGUAGE_STANDARD = gnu11;
				GCC_DYNAMIC_NO_PIC = NO;
				GCC_NO_COMMON_BLOCKS = YES;
				GCC_OPTIMIZATION_LEVEL = 0;
				GCC_PREPROCESSOR_DEFINITIONS = (
					"DEBUG=1",
					"$(inherited)",
				);
				GCC_WARN_64_TO_32_BIT_CONVERSION = YES;
				GCC_WARN_ABOUT_RETURN_TYPE = YES_ERROR;
				GCC_WARN_UNDECLARED_SELECTOR = YES;
				GCC_WARN_UNINITIALIZED_AUTOS = YES_AGGRESSIVE;
				GCC_WARN_UNUSED_FUNCTION = YES;
				GCC_WARN_UNUSED_VARIABLE = YES;
				IPHONEOS_DEPLOYMENT_TARGET = 12.1;
				MTL_ENABLE_DEBUG_INFO = INCLUDE_SOURCE;
				MTL_FAST_MATH = YES;
				ONLY_ACTIVE_ARCH = YES;
				SDKROOT = iphoneos;
				SWIFT_ACTIVE_COMPILATION_CONDITIONS = DEBUG;
				SWIFT_OPTIMIZATION_LEVEL = "-Onone";
			};
			name = Debug;
		};
		662195BB225979F900580E15 /* Release */ = {
			isa = XCBuildConfiguration;
			buildSettings = {
				ALWAYS_SEARCH_USER_PATHS = NO;
				CLANG_ANALYZER_NONNULL = YES;
				CLANG_ANALYZER_NUMBER_OBJECT_CONVERSION = YES_AGGRESSIVE;
				CLANG_CXX_LANGUAGE_STANDARD = "gnu++14";
				CLANG_CXX_LIBRARY = "libc++";
				CLANG_ENABLE_MODULES = YES;
				CLANG_ENABLE_OBJC_ARC = YES;
				CLANG_ENABLE_OBJC_WEAK = YES;
				CLANG_WARN_BLOCK_CAPTURE_AUTORELEASING = YES;
				CLANG_WARN_BOOL_CONVERSION = YES;
				CLANG_WARN_COMMA = YES;
				CLANG_WARN_CONSTANT_CONVERSION = YES;
				CLANG_WARN_DEPRECATED_OBJC_IMPLEMENTATIONS = YES;
				CLANG_WARN_DIRECT_OBJC_ISA_USAGE = YES_ERROR;
				CLANG_WARN_DOCUMENTATION_COMMENTS = YES;
				CLANG_WARN_EMPTY_BODY = YES;
				CLANG_WARN_ENUM_CONVERSION = YES;
				CLANG_WARN_INFINITE_RECURSION = YES;
				CLANG_WARN_INT_CONVERSION = YES;
				CLANG_WARN_NON_LITERAL_NULL_CONVERSION = YES;
				CLANG_WARN_OBJC_IMPLICIT_RETAIN_SELF = YES;
				CLANG_WARN_OBJC_LITERAL_CONVERSION = YES;
				CLANG_WARN_OBJC_ROOT_CLASS = YES_ERROR;
				CLANG_WARN_RANGE_LOOP_ANALYSIS = YES;
				CLANG_WARN_STRICT_PROTOTYPES = YES;
				CLANG_WARN_SUSPICIOUS_MOVE = YES;
				CLANG_WARN_UNGUARDED_AVAILABILITY = YES_AGGRESSIVE;
				CLANG_WARN_UNREACHABLE_CODE = YES;
				CLANG_WARN__DUPLICATE_METHOD_MATCH = YES;
				CODE_SIGN_IDENTITY = "iPhone Developer";
				COPY_PHASE_STRIP = NO;
				DEBUG_INFORMATION_FORMAT = "dwarf-with-dsym";
				ENABLE_NS_ASSERTIONS = NO;
				ENABLE_STRICT_OBJC_MSGSEND = YES;
				GCC_C_LANGUAGE_STANDARD = gnu11;
				GCC_NO_COMMON_BLOCKS = YES;
				GCC_WARN_64_TO_32_BIT_CONVERSION = YES;
				GCC_WARN_ABOUT_RETURN_TYPE = YES_ERROR;
				GCC_WARN_UNDECLARED_SELECTOR = YES;
				GCC_WARN_UNINITIALIZED_AUTOS = YES_AGGRESSIVE;
				GCC_WARN_UNUSED_FUNCTION = YES;
				GCC_WARN_UNUSED_VARIABLE = YES;
				IPHONEOS_DEPLOYMENT_TARGET = 12.1;
				MTL_ENABLE_DEBUG_INFO = NO;
				MTL_FAST_MATH = YES;
				SDKROOT = iphoneos;
				SWIFT_COMPILATION_MODE = wholemodule;
				SWIFT_OPTIMIZATION_LEVEL = "-O";
				VALIDATE_PRODUCT = YES;
			};
			name = Release;
		};
		662195BD225979F900580E15 /* Debug */ = {
			isa = XCBuildConfiguration;
			baseConfigurationReference = E1B0F6EE3C0996F0D48FFE95 /* Pods-PaperOnboarding.debug.xcconfig */;
			buildSettings = {
				ASSETCATALOG_COMPILER_APPICON_NAME = AppIcon;
				CODE_SIGN_STYLE = Automatic;
				INFOPLIST_FILE = PaperOnboarding/Info.plist;
				LD_RUNPATH_SEARCH_PATHS = (
					"$(inherited)",
					"@executable_path/Frameworks",
				);
				PRODUCT_BUNDLE_IDENTIFIER = EasyPeasy.PaperOnboarding;
				PRODUCT_NAME = "$(TARGET_NAME)";
				SWIFT_VERSION = 4.2;
				TARGETED_DEVICE_FAMILY = "1,2";
			};
			name = Debug;
		};
		662195BE225979F900580E15 /* Release */ = {
			isa = XCBuildConfiguration;
			baseConfigurationReference = C36A0B0CD5A76D2ED001BE6E /* Pods-PaperOnboarding.release.xcconfig */;
			buildSettings = {
				ASSETCATALOG_COMPILER_APPICON_NAME = AppIcon;
				CODE_SIGN_STYLE = Automatic;
				INFOPLIST_FILE = PaperOnboarding/Info.plist;
				LD_RUNPATH_SEARCH_PATHS = (
					"$(inherited)",
					"@executable_path/Frameworks",
				);
				PRODUCT_BUNDLE_IDENTIFIER = EasyPeasy.PaperOnboarding;
				PRODUCT_NAME = "$(TARGET_NAME)";
				SWIFT_VERSION = 4.2;
				TARGETED_DEVICE_FAMILY = "1,2";
			};
			name = Release;
		};
		662195C0225979F900580E15 /* Debug */ = {
			isa = XCBuildConfiguration;
			buildSettings = {
				ALWAYS_EMBED_SWIFT_STANDARD_LIBRARIES = YES;
				BUNDLE_LOADER = "$(TEST_HOST)";
				CODE_SIGN_STYLE = Automatic;
				INFOPLIST_FILE = PaperOnboardingTests/Info.plist;
				LD_RUNPATH_SEARCH_PATHS = (
					"$(inherited)",
					"@executable_path/Frameworks",
					"@loader_path/Frameworks",
				);
				PRODUCT_BUNDLE_IDENTIFIER = EasyPeasy.PaperOnboardingTests;
				PRODUCT_NAME = "$(TARGET_NAME)";
				SWIFT_VERSION = 4.2;
				TARGETED_DEVICE_FAMILY = "1,2";
				TEST_HOST = "$(BUILT_PRODUCTS_DIR)/PaperOnboarding.app/PaperOnboarding";
			};
			name = Debug;
		};
		662195C1225979F900580E15 /* Release */ = {
			isa = XCBuildConfiguration;
			buildSettings = {
				ALWAYS_EMBED_SWIFT_STANDARD_LIBRARIES = YES;
				BUNDLE_LOADER = "$(TEST_HOST)";
				CODE_SIGN_STYLE = Automatic;
				INFOPLIST_FILE = PaperOnboardingTests/Info.plist;
				LD_RUNPATH_SEARCH_PATHS = (
					"$(inherited)",
					"@executable_path/Frameworks",
					"@loader_path/Frameworks",
				);
				PRODUCT_BUNDLE_IDENTIFIER = EasyPeasy.PaperOnboardingTests;
				PRODUCT_NAME = "$(TARGET_NAME)";
				SWIFT_VERSION = 4.2;
				TARGETED_DEVICE_FAMILY = "1,2";
				TEST_HOST = "$(BUILT_PRODUCTS_DIR)/PaperOnboarding.app/PaperOnboarding";
			};
			name = Release;
		};
		662195C3225979F900580E15 /* Debug */ = {
			isa = XCBuildConfiguration;
			buildSettings = {
				ALWAYS_EMBED_SWIFT_STANDARD_LIBRARIES = YES;
				CODE_SIGN_STYLE = Automatic;
				INFOPLIST_FILE = PaperOnboardingUITests/Info.plist;
				LD_RUNPATH_SEARCH_PATHS = (
					"$(inherited)",
					"@executable_path/Frameworks",
					"@loader_path/Frameworks",
				);
				PRODUCT_BUNDLE_IDENTIFIER = EasyPeasy.PaperOnboardingUITests;
				PRODUCT_NAME = "$(TARGET_NAME)";
				SWIFT_VERSION = 4.2;
				TARGETED_DEVICE_FAMILY = "1,2";
				TEST_TARGET_NAME = PaperOnboarding;
			};
			name = Debug;
		};
		662195C4225979F900580E15 /* Release */ = {
			isa = XCBuildConfiguration;
			buildSettings = {
				ALWAYS_EMBED_SWIFT_STANDARD_LIBRARIES = YES;
				CODE_SIGN_STYLE = Automatic;
				INFOPLIST_FILE = PaperOnboardingUITests/Info.plist;
				LD_RUNPATH_SEARCH_PATHS = (
					"$(inherited)",
					"@executable_path/Frameworks",
					"@loader_path/Frameworks",
				);
				PRODUCT_BUNDLE_IDENTIFIER = EasyPeasy.PaperOnboardingUITests;
				PRODUCT_NAME = "$(TARGET_NAME)";
				SWIFT_VERSION = 4.2;
				TARGETED_DEVICE_FAMILY = "1,2";
				TEST_TARGET_NAME = PaperOnboarding;
			};
			name = Release;
		};
/* End XCBuildConfiguration section */

/* Begin XCConfigurationList section */
		6621958F225979F800580E15 /* Build configuration list for PBXProject "PaperOnboarding" */ = {
			isa = XCConfigurationList;
			buildConfigurations = (
				662195BA225979F900580E15 /* Debug */,
				662195BB225979F900580E15 /* Release */,
			);
			defaultConfigurationIsVisible = 0;
			defaultConfigurationName = Release;
		};
		662195BC225979F900580E15 /* Build configuration list for PBXNativeTarget "PaperOnboarding" */ = {
			isa = XCConfigurationList;
			buildConfigurations = (
				662195BD225979F900580E15 /* Debug */,
				662195BE225979F900580E15 /* Release */,
			);
			defaultConfigurationIsVisible = 0;
			defaultConfigurationName = Release;
		};
		662195BF225979F900580E15 /* Build configuration list for PBXNativeTarget "PaperOnboardingTests" */ = {
			isa = XCConfigurationList;
			buildConfigurations = (
				662195C0225979F900580E15 /* Debug */,
				662195C1225979F900580E15 /* Release */,
			);
			defaultConfigurationIsVisible = 0;
			defaultConfigurationName = Release;
		};
		662195C2225979F900580E15 /* Build configuration list for PBXNativeTarget "PaperOnboardingUITests" */ = {
			isa = XCConfigurationList;
			buildConfigurations = (
				662195C3225979F900580E15 /* Debug */,
				662195C4225979F900580E15 /* Release */,
			);
			defaultConfigurationIsVisible = 0;
			defaultConfigurationName = Release;
		};
/* End XCConfigurationList section */
	};
	rootObject = 6621958C225979F800580E15 /* Project object */;
}
